Microsoft Visual Studio Solution File, Format Version 11.00
# Visual Studio 2008

Project("{C96B0761-0526-767C-98DF-7DE926526D56}") = "boxjumper", "Assembly-CSharp-firstpass.csproj", "{0134C650-03BC-8794-40F5-BE35667BA763}"
EndProject
Project("{C96B0761-0526-767C-98DF-7DE926526D56}") = "boxjumper", "Assembly-CSharp-Editor.csproj", "{87D8D76A-7A17-E498-B147-7F33928B05DD}"
EndProject
Project("{C96B0761-0526-767C-98DF-7DE926526D56}") = "boxjumper", "Assembly-UnityScript-firstpass.unityproj", "{88D5752B-3518-89FC-67EA-5FD9CFE9083F}"
EndProject
Project("{C96B0761-0526-767C-98DF-7DE926526D56}") = "boxjumper", "Assembly-UnityScript.unityproj", "{267F2661-D3B1-BFE5-45D4-B5CBE0C87B9D}"
EndProject
Project("{C96B0761-0526-767C-98DF-7DE926526D56}") = "boxjumper", "Assembly-UnityScript-Editor.unityproj", "{9B2CEE1C-6BB9-477E-09C1-86BF70EF1A7D}"
EndProject
Global
	GlobalSection(SolutionConfigurationPlatforms) = preSolution
		Debug|Any CPU = Debug|Any CPU
		Release|Any CPU = Release|Any CPU
	EndGlobalSection
	GlobalSection(ProjectConfigurationPlatforms) = postSolution
		{0134C650-03BC-8794-40F5-BE35667BA763}.Debug|Any CPU.ActiveCfg = Debug|Any CPU
		{0134C650-03BC-8794-40F5-BE35667BA763}.Debug|Any CPU.Build.0 = Debug|Any CPU
		{0134C650-03BC-8794-40F5-BE35667BA763}.Release|Any CPU.ActiveCfg = Release|Any CPU
		{0134C650-03BC-8794-40F5-BE35667BA763}.Release|Any CPU.Build.0 = Release|Any CPU
		{87D8D76A-7A17-E498-B147-7F33928B05DD}.Debug|Any CPU.ActiveCfg = Debug|Any CPU
		{87D8D76A-7A17-E498-B147-7F33928B05DD}.Debug|Any CPU.Build.0 = Debug|Any CPU
		{87D8D76A-7A17-E498-B147-7F33928B05DD}.Release|Any CPU.ActiveCfg = Release|Any CPU
		{87D8D76A-7A17-E498-B147-7F33928B05DD}.Release|Any CPU.Build.0 = Release|Any CPU
		{88D5752B-3518-89FC-67EA-5FD9CFE9083F}.Debug|Any CPU.ActiveCfg = Debug|Any CPU
		{88D5752B-3518-89FC-67EA-5FD9CFE9083F}.Debug|Any CPU.Build.0 = Debug|Any CPU
		{88D5752B-3518-89FC-67EA-5FD9CFE9083F}.Release|Any CPU.ActiveCfg = Release|Any CPU
		{88D5752B-3518-89FC-67EA-5FD9CFE9083F}.Release|Any CPU.Build.0 = Release|Any CPU
		{267F2661-D3B1-BFE5-45D4-B5CBE0C87B9D}.Debug|Any CPU.ActiveCfg = Debug|Any CPU
		{267F2661-D3B1-BFE5-45D4-B5CBE0C87B9D}.Debug|Any CPU.Build.0 = Debug|Any CPU
		{267F2661-D3B1-BFE5-45D4-B5CBE0C87B9D}.Release|Any CPU.ActiveCfg = Release|Any CPU
		{267F2661-D3B1-BFE5-45D4-B5CBE0C87B9D}.Release|Any CPU.Build.0 = Release|Any CPU
		{9B2CEE1C-6BB9-477E-09C1-86BF70EF1A7D}.Debug|Any CPU.ActiveCfg = Debug|Any CPU
		{9B2CEE1C-6BB9-477E-09C1-86BF70EF1A7D}.Debug|Any CPU.Build.0 = Debug|Any CPU
		{9B2CEE1C-6BB9-477E-09C1-86BF70EF1A7D}.Release|Any CPU.ActiveCfg = Release|Any CPU
		{9B2CEE1C-6BB9-477E-09C1-86BF70EF1A7D}.Release|Any CPU.Build.0 = Release|Any CPU
	EndGlobalSection
	GlobalSection(SolutionProperties) = preSolution
		HideSolutionNode = FALSE
	EndGlobalSection
																																																																																																																																																																																																																																																																																																																																																																																																																																																																																																												GlobalSection(MonoDevelopProperties) = preSolution
		StartupItem = Assembly-CSharp.csproj
		Policies = $0
		$0.TextStylePolicy = $1
		$1.inheritsSet = null
		$1.scope = text/x-csharp
		$0.CSharpFormattingPolicy = $2
		$2.inheritsSet = Mono
		$2.inheritsScope = text/x-csharp
		$2.scope = text/x-csharp
		$0.TextStylePolicy = $3
		$3.FileWidth = 120
		$3.TabWidth = 4
		$3.EolMarker = Unix
		$3.inheritsSet = Mono
		$3.inheritsScope = text/plain
		$3.scope = text/plain
	EndGlobalSection

EndGlobal
